
Microsoft Visual Studio Solution File, Format Version 12.00
# Visual Studio 15
VisualStudioVersion = 15.0.26730.8
MinimumVisualStudioVersion = 10.0.40219.1
Project("{888888A0-9F3D-457C-B088-3A5042F75D52}") = "SyServ", "SyServ\SyServ.pyproj", "{758BDC7B-60CF-4269-841C-6645240D89FB}"
EndProject
Global
	GlobalSection(SolutionConfigurationPlatforms) = preSolution
		Debug|Any CPU = Debug|Any CPU
		Release|Any CPU = Release|Any CPU
	EndGlobalSection
	GlobalSection(ProjectConfigurationPlatforms) = postSolution
		{758BDC7B-60CF-4269-841C-6645240D89FB}.Debug|Any CPU.ActiveCfg = Debug|Any CPU
		{758BDC7B-60CF-4269-841C-6645240D89FB}.Debug|Any CPU.Build.0 = Debug|Any CPU
		{758BDC7B-60CF-4269-841C-6645240D89FB}.Release|Any CPU.ActiveCfg = Release|Any CPU
		{758BDC7B-60CF-4269-841C-6645240D89FB}.Release|Any CPU.Build.0 = Release|Any CPU
	EndGlobalSection
	GlobalSection(SolutionProperties) = preSolution
		HideSolutionNode = FALSE
	EndGlobalSection
	GlobalSection(ExtensibilityGlobals) = postSolution
		SolutionGuid = {91B8C94B-C08C-490C-81C3-36343825EA07}
	EndGlobalSection
EndGlobal
